
Microsoft Visual Studio Solution File, Format Version 12.00
# Visual Studio 15
VisualStudioVersion = 15.0.28307.271
MinimumVisualStudioVersion = 10.0.40219.1
Project("{FAE04EC0-301F-11D3-BF4B-00C04F79EFBC}") = "Fundamentos_RlSystem", "Fundamentos_RlSystem\Fundamentos_RlSystem.csproj", "{F1A60312-0303-4B32-BACA-2217226E88F4}"
EndProject
Global
	GlobalSection(SolutionConfigurationPlatforms) = preSolution
		Debug|Any CPU = Debug|Any CPU
		Release|Any CPU = Release|Any CPU
	EndGlobalSection
	GlobalSection(ProjectConfigurationPlatforms) = postSolution
		{F1A60312-0303-4B32-BACA-2217226E88F4}.Debug|Any CPU.ActiveCfg = Debug|Any CPU
		{F1A60312-0303-4B32-BACA-2217226E88F4}.Debug|Any CPU.Build.0 = Debug|Any CPU
		{F1A60312-0303-4B32-BACA-2217226E88F4}.Release|Any CPU.ActiveCfg = Release|Any CPU
		{F1A60312-0303-4B32-BACA-2217226E88F4}.Release|Any CPU.Build.0 = Release|Any CPU
	EndGlobalSection
	GlobalSection(SolutionProperties) = preSolution
		HideSolutionNode = FALSE
	EndGlobalSection
	GlobalSection(ExtensibilityGlobals) = postSolution
		SolutionGuid = {4BB625F9-4D04-4311-A4D5-238D2019F2EF}
	EndGlobalSection
EndGlobal
